
Microsoft Visual Studio Solution File, Format Version 12.00
# Visual Studio Version 16
VisualStudioVersion = 16.0.29319.158
MinimumVisualStudioVersion = 10.0.40219.1
Project("{9A19103F-16F7-4668-BE54-9A1E7A4F7556}") = "blazor-start", "blazor-start.csproj", "{BC375A72-60DC-4C46-8E22-0708BBF03917}"
EndProject
Global
	GlobalSection(SolutionConfigurationPlatforms) = preSolution
		Debug|Any CPU = Debug|Any CPU
		Release|Any CPU = Release|Any CPU
	EndGlobalSection
	GlobalSection(ProjectConfigurationPlatforms) = postSolution
		{BC375A72-60DC-4C46-8E22-0708BBF03917}.Debug|Any CPU.ActiveCfg = Debug|Any CPU
		{BC375A72-60DC-4C46-8E22-0708BBF03917}.Debug|Any CPU.Build.0 = Debug|Any CPU
		{BC375A72-60DC-4C46-8E22-0708BBF03917}.Release|Any CPU.ActiveCfg = Release|Any CPU
		{BC375A72-60DC-4C46-8E22-0708BBF03917}.Release|Any CPU.Build.0 = Release|Any CPU
	EndGlobalSection
	GlobalSection(SolutionProperties) = preSolution
		HideSolutionNode = FALSE
	EndGlobalSection
	GlobalSection(ExtensibilityGlobals) = postSolution
		SolutionGuid = {9294A1D2-DAA4-4F3A-BB4D-51BCF1C4EEB6}
	EndGlobalSection
EndGlobal
